
Microsoft Visual Studio Solution File, Format Version 12.00
# Visual Studio Version 16
VisualStudioVersion = 16.0.31005.135
MinimumVisualStudioVersion = 10.0.40219.1
Project("{FAE04EC0-301F-11D3-BF4B-00C04F79EFBC}") = "TaskManagementSystem", "TaskManagementSystem.csproj", "{3A5FB835-D421-4DDA-9CC1-415450EDD8C0}"
EndProject
Project("{FAE04EC0-301F-11D3-BF4B-00C04F79EFBC}") = "TM_Infrastructure", "..\TM_Infrastructure\TM_Infrastructure.csproj", "{A563E615-3C68-4B2F-917F-FCF76AD2227D}"
EndProject
Project("{FAE04EC0-301F-11D3-BF4B-00C04F79EFBC}") = "TM_Core", "..\TM_Core\TM_Core.csproj", "{EE0842B2-5239-4C52-B69E-9864FC1BCCCD}"
EndProject
Project("{FAE04EC0-301F-11D3-BF4B-00C04F79EFBC}") = "TM_Test", "..\TM_Test\TM_Test.csproj", "{C87DC6A3-0B3C-49B2-8E20-AEAEF6DA5698}"
EndProject
Global
	GlobalSection(SolutionConfigurationPlatforms) = preSolution
		Debug|Any CPU = Debug|Any CPU
		Release|Any CPU = Release|Any CPU
	EndGlobalSection
	GlobalSection(ProjectConfigurationPlatforms) = postSolution
		{3A5FB835-D421-4DDA-9CC1-415450EDD8C0}.Debug|Any CPU.ActiveCfg = Debug|Any CPU
		{3A5FB835-D421-4DDA-9CC1-415450EDD8C0}.Debug|Any CPU.Build.0 = Debug|Any CPU
		{3A5FB835-D421-4DDA-9CC1-415450EDD8C0}.Release|Any CPU.ActiveCfg = Release|Any CPU
		{3A5FB835-D421-4DDA-9CC1-415450EDD8C0}.Release|Any CPU.Build.0 = Release|Any CPU
		{A563E615-3C68-4B2F-917F-FCF76AD2227D}.Debug|Any CPU.ActiveCfg = Debug|Any CPU
		{A563E615-3C68-4B2F-917F-FCF76AD2227D}.Debug|Any CPU.Build.0 = Debug|Any CPU
		{A563E615-3C68-4B2F-917F-FCF76AD2227D}.Release|Any CPU.ActiveCfg = Release|Any CPU
		{A563E615-3C68-4B2F-917F-FCF76AD2227D}.Release|Any CPU.Build.0 = Release|Any CPU
		{EE0842B2-5239-4C52-B69E-9864FC1BCCCD}.Debug|Any CPU.ActiveCfg = Debug|Any CPU
		{EE0842B2-5239-4C52-B69E-9864FC1BCCCD}.Debug|Any CPU.Build.0 = Debug|Any CPU
		{EE0842B2-5239-4C52-B69E-9864FC1BCCCD}.Release|Any CPU.ActiveCfg = Release|Any CPU
		{EE0842B2-5239-4C52-B69E-9864FC1BCCCD}.Release|Any CPU.Build.0 = Release|Any CPU
		{C87DC6A3-0B3C-49B2-8E20-AEAEF6DA5698}.Debug|Any CPU.ActiveCfg = Debug|Any CPU
		{C87DC6A3-0B3C-49B2-8E20-AEAEF6DA5698}.Debug|Any CPU.Build.0 = Debug|Any CPU
		{C87DC6A3-0B3C-49B2-8E20-AEAEF6DA5698}.Release|Any CPU.ActiveCfg = Release|Any CPU
		{C87DC6A3-0B3C-49B2-8E20-AEAEF6DA5698}.Release|Any CPU.Build.0 = Release|Any CPU
	EndGlobalSection
	GlobalSection(SolutionProperties) = preSolution
		HideSolutionNode = FALSE
	EndGlobalSection
	GlobalSection(ExtensibilityGlobals) = postSolution
		SolutionGuid = {A45BF1AB-4744-49E3-AD1D-F4BB2469076F}
	EndGlobalSection
EndGlobal
